
Microsoft Visual Studio Solution File, Format Version 12.00
# Visual Studio Version 16
VisualStudioVersion = 16.0.29324.140
MinimumVisualStudioVersion = 10.0.40219.1
Project("{FAE04EC0-301F-11D3-BF4B-00C04F79EFBC}") = "socketProgramming", "socketProgramming\socketProgramming.csproj", "{17944472-BBD8-4911-B92F-2E8CDA01B0FA}"
EndProject
Global
	GlobalSection(SolutionConfigurationPlatforms) = preSolution
		Debug|Any CPU = Debug|Any CPU
		Release|Any CPU = Release|Any CPU
	EndGlobalSection
	GlobalSection(ProjectConfigurationPlatforms) = postSolution
		{17944472-BBD8-4911-B92F-2E8CDA01B0FA}.Debug|Any CPU.ActiveCfg = Debug|Any CPU
		{17944472-BBD8-4911-B92F-2E8CDA01B0FA}.Debug|Any CPU.Build.0 = Debug|Any CPU
		{17944472-BBD8-4911-B92F-2E8CDA01B0FA}.Release|Any CPU.ActiveCfg = Release|Any CPU
		{17944472-BBD8-4911-B92F-2E8CDA01B0FA}.Release|Any CPU.Build.0 = Release|Any CPU
	EndGlobalSection
	GlobalSection(SolutionProperties) = preSolution
		HideSolutionNode = FALSE
	EndGlobalSection
	GlobalSection(ExtensibilityGlobals) = postSolution
		SolutionGuid = {EFCDBFF0-96C9-4068-A70D-EF7D81A26393}
	EndGlobalSection
EndGlobal
